# This file is automatically @generated by Cargo.
# It is not intended for manual editing.
version = 4

[[package]]
name = "clone_dyn_types"
version = "0.41.0"
source = "registry+https://github.com/rust-lang/crates.io-index"
checksum = "b8e7218c244c27d68530c77a25e1218c061a5bfaecfb71403d21d8175a8265b5"

[[package]]
name = "either"
version = "1.15.0"
source = "registry+https://github.com/rust-lang/crates.io-index"
checksum = "48c757948c5ede0e46177b7add2e67155f70e33c07fea8284df6576da70b3719"

[[package]]
name = "iter_tools"
version = "0.41.0"
source = "registry+https://github.com/rust-lang/crates.io-index"
checksum = "5bdd969f51b3278d4f56d3b1974dd7b5a2b60faee1781b5bc6b7e8ea10edf0d5"
dependencies = [
 "clone_dyn_types",
 "itertools",
]

[[package]]
name = "itertools"
version = "0.11.0"
source = "registry+https://github.com/rust-lang/crates.io-index"
checksum = "b1c173a5686ce8bfa551b3563d0c2170bf24ca44da99c7ca4bfdab5418c3fe57"
dependencies = [
 "either",
]

[[package]]
name = "tausch"
version = "0.1.0"
dependencies = [
 "iter_tools",
]
